
Microsoft Visual Studio Solution File, Format Version 12.00
# Visual Studio Version 16
VisualStudioVersion = 16.0.29102.190
MinimumVisualStudioVersion = 10.0.40219.1
Project("{FAE04EC0-301F-11D3-BF4B-00C04F79EFBC}") = "UnSpaDelux", "UnSpaDelux\UnSpaDelux.csproj", "{C3058E46-E9B9-43F5-A6DD-8C35CCFB8C64}"
EndProject
Project("{FAE04EC0-301F-11D3-BF4B-00C04F79EFBC}") = "Chante", "Chante\Chante.csproj", "{7BAF68D0-7CA1-4934-86E7-29CAD28EB38C}"
EndProject
Global
	GlobalSection(SolutionConfigurationPlatforms) = preSolution
		Debug|Any CPU = Debug|Any CPU
		Release|Any CPU = Release|Any CPU
	EndGlobalSection
	GlobalSection(ProjectConfigurationPlatforms) = postSolution
		{C3058E46-E9B9-43F5-A6DD-8C35CCFB8C64}.Debug|Any CPU.ActiveCfg = Debug|Any CPU
		{C3058E46-E9B9-43F5-A6DD-8C35CCFB8C64}.Debug|Any CPU.Build.0 = Debug|Any CPU
		{C3058E46-E9B9-43F5-A6DD-8C35CCFB8C64}.Release|Any CPU.ActiveCfg = Release|Any CPU
		{C3058E46-E9B9-43F5-A6DD-8C35CCFB8C64}.Release|Any CPU.Build.0 = Release|Any CPU
		{7BAF68D0-7CA1-4934-86E7-29CAD28EB38C}.Debug|Any CPU.ActiveCfg = Debug|Any CPU
		{7BAF68D0-7CA1-4934-86E7-29CAD28EB38C}.Debug|Any CPU.Build.0 = Debug|Any CPU
		{7BAF68D0-7CA1-4934-86E7-29CAD28EB38C}.Release|Any CPU.ActiveCfg = Release|Any CPU
		{7BAF68D0-7CA1-4934-86E7-29CAD28EB38C}.Release|Any CPU.Build.0 = Release|Any CPU
	EndGlobalSection
	GlobalSection(SolutionProperties) = preSolution
		HideSolutionNode = FALSE
	EndGlobalSection
	GlobalSection(ExtensibilityGlobals) = postSolution
		SolutionGuid = {B434E828-5036-44DF-BF59-28436F8F4025}
	EndGlobalSection
EndGlobal
